
Microsoft Visual Studio Solution File, Format Version 12.00
# Visual Studio 15
VisualStudioVersion = 15.0.27130.2036
MinimumVisualStudioVersion = 10.0.40219.1
Project("{8BC9CEB8-8B4A-11D0-8D11-00A0C91BC942}") = "Project_4", "Project_4\Project_4.vcxproj", "{BE883D7D-A266-4F2C-BEB2-E11F3F92F5F1}"
EndProject
Global
	GlobalSection(SolutionConfigurationPlatforms) = preSolution
		Debug|x64 = Debug|x64
		Debug|x86 = Debug|x86
		Release|x64 = Release|x64
		Release|x86 = Release|x86
	EndGlobalSection
	GlobalSection(ProjectConfigurationPlatforms) = postSolution
		{BE883D7D-A266-4F2C-BEB2-E11F3F92F5F1}.Debug|x64.ActiveCfg = Debug|x64
		{BE883D7D-A266-4F2C-BEB2-E11F3F92F5F1}.Debug|x64.Build.0 = Debug|x64
		{BE883D7D-A266-4F2C-BEB2-E11F3F92F5F1}.Debug|x86.ActiveCfg = Debug|Win32
		{BE883D7D-A266-4F2C-BEB2-E11F3F92F5F1}.Debug|x86.Build.0 = Debug|Win32
		{BE883D7D-A266-4F2C-BEB2-E11F3F92F5F1}.Release|x64.ActiveCfg = Release|x64
		{BE883D7D-A266-4F2C-BEB2-E11F3F92F5F1}.Release|x64.Build.0 = Release|x64
		{BE883D7D-A266-4F2C-BEB2-E11F3F92F5F1}.Release|x86.ActiveCfg = Release|Win32
		{BE883D7D-A266-4F2C-BEB2-E11F3F92F5F1}.Release|x86.Build.0 = Release|Win32
	EndGlobalSection
	GlobalSection(SolutionProperties) = preSolution
		HideSolutionNode = FALSE
	EndGlobalSection
	GlobalSection(ExtensibilityGlobals) = postSolution
		SolutionGuid = {5FFF2CEF-EF4D-469A-BDC6-09A5997F2E3F}
	EndGlobalSection
EndGlobal
